
Microsoft Visual Studio Solution File, Format Version 12.00
# Visual Studio 16
Project("{FAE04EC0-301F-11D3-BF4B-00C04F79EFBC}") = "Assembly-CSharp", "Assembly-CSharp.csproj", "{2F042BBE-40BD-101A-9A74-860381A22AF0}"
EndProject
Project("{FAE04EC0-301F-11D3-BF4B-00C04F79EFBC}") = "Assembly-CSharp-firstpass", "Assembly-CSharp-firstpass.csproj", "{C9E8F730-A244-0AF5-6E27-EE60EA0D4644}"
EndProject
Global
	GlobalSection(SolutionConfigurationPlatforms) = preSolution
		Debug|Any CPU = Debug|Any CPU
		Release|Any CPU = Release|Any CPU
	EndGlobalSection
	GlobalSection(ProjectConfigurationPlatforms) = postSolution
		{2F042BBE-40BD-101A-9A74-860381A22AF0}.Debug|Any CPU.ActiveCfg = Debug|Any CPU
		{2F042BBE-40BD-101A-9A74-860381A22AF0}.Debug|Any CPU.Build.0 = Debug|Any CPU
		{2F042BBE-40BD-101A-9A74-860381A22AF0}.Release|Any CPU.ActiveCfg = Release|Any CPU
		{2F042BBE-40BD-101A-9A74-860381A22AF0}.Release|Any CPU.Build.0 = Release|Any CPU
		{C9E8F730-A244-0AF5-6E27-EE60EA0D4644}.Debug|Any CPU.ActiveCfg = Debug|Any CPU
		{C9E8F730-A244-0AF5-6E27-EE60EA0D4644}.Debug|Any CPU.Build.0 = Debug|Any CPU
		{C9E8F730-A244-0AF5-6E27-EE60EA0D4644}.Release|Any CPU.ActiveCfg = Release|Any CPU
		{C9E8F730-A244-0AF5-6E27-EE60EA0D4644}.Release|Any CPU.Build.0 = Release|Any CPU
	EndGlobalSection
	GlobalSection(SolutionProperties) = preSolution
		HideSolutionNode = FALSE
	EndGlobalSection
EndGlobal
